
Microsoft Visual Studio Solution File, Format Version 12.00
# Visual Studio Version 17
VisualStudioVersion = 17.0.31903.59
MinimumVisualStudioVersion = 10.0.40219.1
Project("{2150E333-8FDC-42A3-9474-1A3956D46DE8}") = "Core", "Core", "{E37D2C40-1043-4D96-A617-B4AC9615B00B}"
EndProject
Project("{2150E333-8FDC-42A3-9474-1A3956D46DE8}") = "Presentation", "Presentation", "{0E107E90-A867-439D-9EDE-1697A4861E07}"
EndProject
Project("{2150E333-8FDC-42A3-9474-1A3956D46DE8}") = "Application", "Application", "{D6A08DE5-850D-457F-91A9-A98547EBD47D}"
EndProject
Project("{2150E333-8FDC-42A3-9474-1A3956D46DE8}") = "EndPoint", "EndPoint", "{A6DE3623-BA71-43E3-A351-F12CB19DD8F7}"
EndProject
Project("{9A19103F-16F7-4668-BE54-9A1E7A4F7556}") = "Application", "Application\Application.csproj", "{EEA43EFC-3905-4DFE-A0F3-BEACC451DDB1}"
EndProject
Project("{9A19103F-16F7-4668-BE54-9A1E7A4F7556}") = "Market.EndPoint", "Market.EndPoint\Market.EndPoint.csproj", "{589C5D11-62E7-47A7-A582-82AC1679C178}"
EndProject
Project("{2150E333-8FDC-42A3-9474-1A3956D46DE8}") = "Src", "Src", "{69F4B643-3C42-4A82-85F6-56870EF37462}"
EndProject
Project("{2150E333-8FDC-42A3-9474-1A3956D46DE8}") = "Test", "Test", "{04BB49C8-525F-44A5-BDB9-8ACD5EA081F0}"
EndProject
Project("{2150E333-8FDC-42A3-9474-1A3956D46DE8}") = "Doc", "Doc", "{9C35FF97-D078-4D9A-9455-B30561796FBA}"
EndProject
Project("{9A19103F-16F7-4668-BE54-9A1E7A4F7556}") = "EndPoint.Api", "EndPoint.Api\EndPoint.Api.csproj", "{C5B139AD-DF06-4C2E-B039-E956555810FE}"
EndProject
Project("{9A19103F-16F7-4668-BE54-9A1E7A4F7556}") = "Market_Integration_Tests", "Market_Integration_Tests\Market_Integration_Tests.csproj", "{3FE8ACF0-FF9E-4048-9569-110757218F6F}"
EndProject
Global
	GlobalSection(SolutionConfigurationPlatforms) = preSolution
		Debug|Any CPU = Debug|Any CPU
		Release|Any CPU = Release|Any CPU
	EndGlobalSection
	GlobalSection(ProjectConfigurationPlatforms) = postSolution
		{EEA43EFC-3905-4DFE-A0F3-BEACC451DDB1}.Debug|Any CPU.ActiveCfg = Debug|Any CPU
		{EEA43EFC-3905-4DFE-A0F3-BEACC451DDB1}.Debug|Any CPU.Build.0 = Debug|Any CPU
		{EEA43EFC-3905-4DFE-A0F3-BEACC451DDB1}.Release|Any CPU.ActiveCfg = Release|Any CPU
		{EEA43EFC-3905-4DFE-A0F3-BEACC451DDB1}.Release|Any CPU.Build.0 = Release|Any CPU
		{589C5D11-62E7-47A7-A582-82AC1679C178}.Debug|Any CPU.ActiveCfg = Debug|Any CPU
		{589C5D11-62E7-47A7-A582-82AC1679C178}.Debug|Any CPU.Build.0 = Debug|Any CPU
		{589C5D11-62E7-47A7-A582-82AC1679C178}.Release|Any CPU.ActiveCfg = Release|Any CPU
		{589C5D11-62E7-47A7-A582-82AC1679C178}.Release|Any CPU.Build.0 = Release|Any CPU
		{C5B139AD-DF06-4C2E-B039-E956555810FE}.Debug|Any CPU.ActiveCfg = Debug|Any CPU
		{C5B139AD-DF06-4C2E-B039-E956555810FE}.Debug|Any CPU.Build.0 = Debug|Any CPU
		{C5B139AD-DF06-4C2E-B039-E956555810FE}.Release|Any CPU.ActiveCfg = Release|Any CPU
		{C5B139AD-DF06-4C2E-B039-E956555810FE}.Release|Any CPU.Build.0 = Release|Any CPU
		{3FE8ACF0-FF9E-4048-9569-110757218F6F}.Debug|Any CPU.ActiveCfg = Debug|Any CPU
		{3FE8ACF0-FF9E-4048-9569-110757218F6F}.Debug|Any CPU.Build.0 = Debug|Any CPU
		{3FE8ACF0-FF9E-4048-9569-110757218F6F}.Release|Any CPU.ActiveCfg = Release|Any CPU
		{3FE8ACF0-FF9E-4048-9569-110757218F6F}.Release|Any CPU.Build.0 = Release|Any CPU
	EndGlobalSection
	GlobalSection(SolutionProperties) = preSolution
		HideSolutionNode = FALSE
	EndGlobalSection
	GlobalSection(NestedProjects) = preSolution
		{E37D2C40-1043-4D96-A617-B4AC9615B00B} = {69F4B643-3C42-4A82-85F6-56870EF37462}
		{0E107E90-A867-439D-9EDE-1697A4861E07} = {69F4B643-3C42-4A82-85F6-56870EF37462}
		{D6A08DE5-850D-457F-91A9-A98547EBD47D} = {E37D2C40-1043-4D96-A617-B4AC9615B00B}
		{A6DE3623-BA71-43E3-A351-F12CB19DD8F7} = {0E107E90-A867-439D-9EDE-1697A4861E07}
		{EEA43EFC-3905-4DFE-A0F3-BEACC451DDB1} = {D6A08DE5-850D-457F-91A9-A98547EBD47D}
		{589C5D11-62E7-47A7-A582-82AC1679C178} = {A6DE3623-BA71-43E3-A351-F12CB19DD8F7}
		{C5B139AD-DF06-4C2E-B039-E956555810FE} = {A6DE3623-BA71-43E3-A351-F12CB19DD8F7}
		{3FE8ACF0-FF9E-4048-9569-110757218F6F} = {04BB49C8-525F-44A5-BDB9-8ACD5EA081F0}
	EndGlobalSection
	GlobalSection(ExtensibilityGlobals) = postSolution
		SolutionGuid = {DE11EF62-8F4E-4F1E-A313-99BC7F4633BE}
	EndGlobalSection
EndGlobal
